
Microsoft Visual Studio Solution File, Format Version 12.00
# Visual Studio Version 18
VisualStudioVersion = 18.0.11217.181 d18.0
MinimumVisualStudioVersion = 10.0.40219.1
Project("{FAE04EC0-301F-11D3-BF4B-00C04F79EFBC}") = "FurnitureSolutionExtensionExample", "FurnitureSolutionExtensionExample.csproj", "{3B0530B3-F6DD-C395-236E-FCB144B99A76}"
EndProject
Global
	GlobalSection(SolutionConfigurationPlatforms) = preSolution
		Debug|Any CPU = Debug|Any CPU
		Release|Any CPU = Release|Any CPU
	EndGlobalSection
	GlobalSection(ProjectConfigurationPlatforms) = postSolution
		{3B0530B3-F6DD-C395-236E-FCB144B99A76}.Debug|Any CPU.ActiveCfg = Debug|Any CPU
		{3B0530B3-F6DD-C395-236E-FCB144B99A76}.Debug|Any CPU.Build.0 = Debug|Any CPU
		{3B0530B3-F6DD-C395-236E-FCB144B99A76}.Release|Any CPU.ActiveCfg = Release|Any CPU
		{3B0530B3-F6DD-C395-236E-FCB144B99A76}.Release|Any CPU.Build.0 = Release|Any CPU
	EndGlobalSection
	GlobalSection(SolutionProperties) = preSolution
		HideSolutionNode = FALSE
	EndGlobalSection
	GlobalSection(ExtensibilityGlobals) = postSolution
		SolutionGuid = {B3D97DB8-3DF4-4FD4-8F3A-51B5F268EA7A}
	EndGlobalSection
EndGlobal
